
Microsoft Visual Studio Solution File, Format Version 12.00
# Visual Studio Version 17
VisualStudioVersion = 17.9.34728.123
MinimumVisualStudioVersion = 10.0.40219.1
Project("{FAE04EC0-301F-11D3-BF4B-00C04F79EFBC}") = "InventoryManagement", "InventoryManagement\InventoryManagement.csproj", "{428CA53E-6C69-4E4E-82FC-3204E0DD8258}"
EndProject
Project("{FAE04EC0-301F-11D3-BF4B-00C04F79EFBC}") = "CapaDatos", "CapaDatos\CapaDatos.csproj", "{73F4689E-DBA0-407E-98C0-ABCEF65D42D3}"
EndProject
Project("{FAE04EC0-301F-11D3-BF4B-00C04F79EFBC}") = "conexionesDB", "conexionesDB\conexionesDB.csproj", "{B3E7EA2F-5A29-4AFD-8BEF-60D8F5B76649}"
EndProject
Project("{FAE04EC0-301F-11D3-BF4B-00C04F79EFBC}") = "CapaNegocio", "CapaNegocio\CapaNegocio.csproj", "{55B3DD97-960F-4A07-9BA0-CF807C343BB6}"
EndProject
Global
	GlobalSection(SolutionConfigurationPlatforms) = preSolution
		Debug|Any CPU = Debug|Any CPU
		Release|Any CPU = Release|Any CPU
	EndGlobalSection
	GlobalSection(ProjectConfigurationPlatforms) = postSolution
		{428CA53E-6C69-4E4E-82FC-3204E0DD8258}.Debug|Any CPU.ActiveCfg = Debug|Any CPU
		{428CA53E-6C69-4E4E-82FC-3204E0DD8258}.Debug|Any CPU.Build.0 = Debug|Any CPU
		{428CA53E-6C69-4E4E-82FC-3204E0DD8258}.Release|Any CPU.ActiveCfg = Release|Any CPU
		{428CA53E-6C69-4E4E-82FC-3204E0DD8258}.Release|Any CPU.Build.0 = Release|Any CPU
		{73F4689E-DBA0-407E-98C0-ABCEF65D42D3}.Debug|Any CPU.ActiveCfg = Debug|Any CPU
		{73F4689E-DBA0-407E-98C0-ABCEF65D42D3}.Debug|Any CPU.Build.0 = Debug|Any CPU
		{73F4689E-DBA0-407E-98C0-ABCEF65D42D3}.Release|Any CPU.ActiveCfg = Release|Any CPU
		{73F4689E-DBA0-407E-98C0-ABCEF65D42D3}.Release|Any CPU.Build.0 = Release|Any CPU
		{B3E7EA2F-5A29-4AFD-8BEF-60D8F5B76649}.Debug|Any CPU.ActiveCfg = Debug|Any CPU
		{B3E7EA2F-5A29-4AFD-8BEF-60D8F5B76649}.Debug|Any CPU.Build.0 = Debug|Any CPU
		{B3E7EA2F-5A29-4AFD-8BEF-60D8F5B76649}.Release|Any CPU.ActiveCfg = Release|Any CPU
		{B3E7EA2F-5A29-4AFD-8BEF-60D8F5B76649}.Release|Any CPU.Build.0 = Release|Any CPU
		{55B3DD97-960F-4A07-9BA0-CF807C343BB6}.Debug|Any CPU.ActiveCfg = Debug|Any CPU
		{55B3DD97-960F-4A07-9BA0-CF807C343BB6}.Debug|Any CPU.Build.0 = Debug|Any CPU
		{55B3DD97-960F-4A07-9BA0-CF807C343BB6}.Release|Any CPU.ActiveCfg = Release|Any CPU
		{55B3DD97-960F-4A07-9BA0-CF807C343BB6}.Release|Any CPU.Build.0 = Release|Any CPU
	EndGlobalSection
	GlobalSection(SolutionProperties) = preSolution
		HideSolutionNode = FALSE
	EndGlobalSection
	GlobalSection(ExtensibilityGlobals) = postSolution
		SolutionGuid = {E92D9F90-AD51-47F7-A205-25B6A6230F71}
	EndGlobalSection
EndGlobal
